
Microsoft Visual Studio Solution File, Format Version 12.00
# Visual Studio 15
VisualStudioVersion = 15.0.28307.106
MinimumVisualStudioVersion = 10.0.40219.1
Project("{FAE04EC0-301F-11D3-BF4B-00C04F79EFBC}") = "Smartcard_Terminal", "Smartcard_Terminal\Smartcard_Terminal.csproj", "{35C8751F-59AC-461F-A4C3-6C780634C8A3}"
EndProject
Global
	GlobalSection(SolutionConfigurationPlatforms) = preSolution
		Debug|Any CPU = Debug|Any CPU
		Release|Any CPU = Release|Any CPU
	EndGlobalSection
	GlobalSection(ProjectConfigurationPlatforms) = postSolution
		{35C8751F-59AC-461F-A4C3-6C780634C8A3}.Debug|Any CPU.ActiveCfg = Debug|Any CPU
		{35C8751F-59AC-461F-A4C3-6C780634C8A3}.Debug|Any CPU.Build.0 = Debug|Any CPU
		{35C8751F-59AC-461F-A4C3-6C780634C8A3}.Release|Any CPU.ActiveCfg = Release|Any CPU
		{35C8751F-59AC-461F-A4C3-6C780634C8A3}.Release|Any CPU.Build.0 = Release|Any CPU
	EndGlobalSection
	GlobalSection(SolutionProperties) = preSolution
		HideSolutionNode = FALSE
	EndGlobalSection
	GlobalSection(ExtensibilityGlobals) = postSolution
		SolutionGuid = {D1F34D22-22CE-42C4-B84A-DE0B1502CCF9}
	EndGlobalSection
EndGlobal
